
Microsoft Visual Studio Solution File, Format Version 12.00
# Visual Studio 15
Project("{FAE04EC0-301F-11D3-BF4B-00C04F79EFBC}") = "Reversi", "Reversi\Reversi.csproj", "{2E8D4EB3-DB9F-4B98-A12B-9E02B801A306}"
EndProject
Global
	GlobalSection(SolutionConfigurationPlatforms) = preSolution
		Debug|x86 = Debug|x86
		Release|x86 = Release|x86
	EndGlobalSection
	GlobalSection(ProjectConfigurationPlatforms) = postSolution
		{2E8D4EB3-DB9F-4B98-A12B-9E02B801A306}.Debug|x86.ActiveCfg = Debug|x86
		{2E8D4EB3-DB9F-4B98-A12B-9E02B801A306}.Debug|x86.Build.0 = Debug|x86
		{2E8D4EB3-DB9F-4B98-A12B-9E02B801A306}.Release|x86.ActiveCfg = Release|x86
		{2E8D4EB3-DB9F-4B98-A12B-9E02B801A306}.Release|x86.Build.0 = Release|x86
	EndGlobalSection
EndGlobal
